version = 1
requires-python = ">=3.12.2"

[[package]]
name = "landa"
version = "0.1.0"
source = { virtual = "." }

[package.dev-dependencies]
dev = [
    { name = "larkjs" },
    { name = "nodeenv" },
]

[package.metadata]

[package.metadata.requires-dev]
dev = [
    { name = "larkjs", specifier = ">=0.0.2" },
    { name = "nodeenv", specifier = ">=1.9.1" },
]

[[package]]
name = "lark-parser"
version = "0.11.3"
source = { registry = "https://pypi.org/simple" }
sdist = { url = "https://files.pythonhosted.org/packages/cd/55/8951788003c9f65dfcf9c51d7ba7952c6c5ae72685aa3cf9c66e925bd538/lark-parser-0.11.3.tar.gz", hash = "sha256:e29ca814a98bb0f81674617d878e5f611cb993c19ea47f22c80da3569425f9bd", size = 229917 }

[[package]]
name = "larkjs"
version = "0.0.2"
source = { registry = "https://pypi.org/simple" }
dependencies = [
    { name = "lark-parser" },
]
sdist = { url = "https://files.pythonhosted.org/packages/0a/b0/d3dba5508be284ce6167bdc845150ee9eeaeee18f1aa026aff1edafc5e8e/Larkjs-0.0.2.tar.gz", hash = "sha256:efd2ef487d3a9d9eb89adf8991bcb281809355f33830e3c9600ad0ae7ec742c7", size = 33487 }
wheels = [
    { url = "https://files.pythonhosted.org/packages/11/90/ad90ce3c8174a79186e1a1c706e447ecb672b8a9f92202ee0dc195637dbe/Larkjs-0.0.2-py2.py3-none-any.whl", hash = "sha256:da03639dc5459006e07ca62a01ad4327b1596fd1f17fe57916499b66b94a465b", size = 33897 },
]

[[package]]
name = "nodeenv"
version = "1.9.1"
source = { registry = "https://pypi.org/simple" }
sdist = { url = "https://files.pythonhosted.org/packages/43/16/fc88b08840de0e0a72a2f9d8c6bae36be573e475a6326ae854bcc549fc45/nodeenv-1.9.1.tar.gz", hash = "sha256:6ec12890a2dab7946721edbfbcd91f3319c6ccc9aec47be7c7e6b7011ee6645f", size = 47437 }
wheels = [
    { url = "https://files.pythonhosted.org/packages/d2/1d/1b658dbd2b9fa9c4c9f32accbfc0205d532c8c6194dc0f2a4c0428e7128a/nodeenv-1.9.1-py2.py3-none-any.whl", hash = "sha256:ba11c9782d29c27c70ffbdda2d7415098754709be8a7056d79a737cd901155c9", size = 22314 },
]
